
Microsoft Visual Studio Solution File, Format Version 12.00
# Visual Studio 15
VisualStudioVersion = 15.0.28307.421
MinimumVisualStudioVersion = 10.0.40219.1
Project("{FAE04EC0-301F-11D3-BF4B-00C04F79EFBC}") = "Page259_폼에 컨트롤 추가", "Page259_폼에 컨트롤 추가\Page259_폼에 컨트롤 추가.csproj", "{699A695D-2827-47B8-9D5A-B33FA35C72E6}"
EndProject
Global
	GlobalSection(SolutionConfigurationPlatforms) = preSolution
		Debug|Any CPU = Debug|Any CPU
		Release|Any CPU = Release|Any CPU
	EndGlobalSection
	GlobalSection(ProjectConfigurationPlatforms) = postSolution
		{699A695D-2827-47B8-9D5A-B33FA35C72E6}.Debug|Any CPU.ActiveCfg = Debug|Any CPU
		{699A695D-2827-47B8-9D5A-B33FA35C72E6}.Debug|Any CPU.Build.0 = Debug|Any CPU
		{699A695D-2827-47B8-9D5A-B33FA35C72E6}.Release|Any CPU.ActiveCfg = Release|Any CPU
		{699A695D-2827-47B8-9D5A-B33FA35C72E6}.Release|Any CPU.Build.0 = Release|Any CPU
	EndGlobalSection
	GlobalSection(SolutionProperties) = preSolution
		HideSolutionNode = FALSE
	EndGlobalSection
	GlobalSection(ExtensibilityGlobals) = postSolution
		SolutionGuid = {ABAC270F-F15C-4A7A-83C5-C2B5DD6B06F2}
	EndGlobalSection
EndGlobal
