
Microsoft Visual Studio Solution File, Format Version 12.00
# Visual Studio 15
VisualStudioVersion = 15.0.28307.421
MinimumVisualStudioVersion = 10.0.40219.1
Project("{FAE04EC0-301F-11D3-BF4B-00C04F79EFBC}") = "Page225_EchoServer", "Page225_EchoServer\Page225_EchoServer.csproj", "{4F7F4D90-01BC-4A1B-BEBA-FA37FB7187EC}"
EndProject
Global
	GlobalSection(SolutionConfigurationPlatforms) = preSolution
		Debug|Any CPU = Debug|Any CPU
		Release|Any CPU = Release|Any CPU
	EndGlobalSection
	GlobalSection(ProjectConfigurationPlatforms) = postSolution
		{4F7F4D90-01BC-4A1B-BEBA-FA37FB7187EC}.Debug|Any CPU.ActiveCfg = Debug|Any CPU
		{4F7F4D90-01BC-4A1B-BEBA-FA37FB7187EC}.Debug|Any CPU.Build.0 = Debug|Any CPU
		{4F7F4D90-01BC-4A1B-BEBA-FA37FB7187EC}.Release|Any CPU.ActiveCfg = Release|Any CPU
		{4F7F4D90-01BC-4A1B-BEBA-FA37FB7187EC}.Release|Any CPU.Build.0 = Release|Any CPU
	EndGlobalSection
	GlobalSection(SolutionProperties) = preSolution
		HideSolutionNode = FALSE
	EndGlobalSection
	GlobalSection(ExtensibilityGlobals) = postSolution
		SolutionGuid = {36CCA269-F088-45EF-A624-619D17F92B7D}
	EndGlobalSection
EndGlobal
